// !$*UTF8*$!
{
	archiveVersion = 1;
	classes = {
	};
	objectVersion = 46;
	objects = {

/* Begin PBXBuildFile section */
		3F11837D1C0E8FC8006781C3 /* AddFriendsTableViewCell.swift in Sources */ = {isa = PBXBuildFile; fileRef = 3F11837C1C0E8FC8006781C3 /* AddFriendsTableViewCell.swift */; };
		3F1183821C0EAF6D006781C3 /* CircularCollectionViewCell.swift in Sources */ = {isa = PBXBuildFile; fileRef = 3F11837E1C0EAF6D006781C3 /* CircularCollectionViewCell.swift */; };
		3F1183831C0EAF6D006781C3 /* CircularCollectionViewCell.xib in Resources */ = {isa = PBXBuildFile; fileRef = 3F11837F1C0EAF6D006781C3 /* CircularCollectionViewCell.xib */; };
		3F1183841C0EAF6D006781C3 /* CircularCollectionViewLayout.swift in Sources */ = {isa = PBXBuildFile; fileRef = 3F1183801C0EAF6D006781C3 /* CircularCollectionViewLayout.swift */; };
		3F1183851C0EAF6D006781C3 /* CollectionViewController.swift in Sources */ = {isa = PBXBuildFile; fileRef = 3F1183811C0EAF6D006781C3 /* CollectionViewController.swift */; };
		3F1183871C0F400A006781C3 /* Images in Resources */ = {isa = PBXBuildFile; fileRef = 3F1183861C0F400A006781C3 /* Images */; };
		3F3C9BAA1C1348BA00F59A6D /* PlayCardViewController.swift in Sources */ = {isa = PBXBuildFile; fileRef = 3F3C9BA91C1348BA00F59A6D /* PlayCardViewController.swift */; };
		3F3C9BAC1C134BB900F59A6D /* CardCell.swift in Sources */ = {isa = PBXBuildFile; fileRef = 3F3C9BAB1C134BB900F59A6D /* CardCell.swift */; };
		3F3C9BAE1C13BCDA00F59A6D /* MPCManager.swift in Sources */ = {isa = PBXBuildFile; fileRef = 3F3C9BAD1C13BCDA00F59A6D /* MPCManager.swift */; };
		3F3C9BB01C13C83C00F59A6D /* JoinGameViewController.swift in Sources */ = {isa = PBXBuildFile; fileRef = 3F3C9BAF1C13C83C00F59A6D /* JoinGameViewController.swift */; };
		3F6F08051C05071000ABDA89 /* AppDelegate.swift in Sources */ = {isa = PBXBuildFile; fileRef = 3F6F08041C05071000ABDA89 /* AppDelegate.swift */; };
		3F6F08071C05071000ABDA89 /* MenuViewController.swift in Sources */ = {isa = PBXBuildFile; fileRef = 3F6F08061C05071000ABDA89 /* MenuViewController.swift */; };
		3F6F080A1C05071000ABDA89 /* Main.storyboard in Resources */ = {isa = PBXBuildFile; fileRef = 3F6F08081C05071000ABDA89 /* Main.storyboard */; };
		3F6F080C1C05071000ABDA89 /* Assets.xcassets in Resources */ = {isa = PBXBuildFile; fileRef = 3F6F080B1C05071000ABDA89 /* Assets.xcassets */; };
		3F6F080F1C05071000ABDA89 /* LaunchScreen.storyboard in Resources */ = {isa = PBXBuildFile; fileRef = 3F6F080D1C05071000ABDA89 /* LaunchScreen.storyboard */; };
		3F6F081A1C05071000ABDA89 /* PokerGameAppTests.swift in Sources */ = {isa = PBXBuildFile; fileRef = 3F6F08191C05071000ABDA89 /* PokerGameAppTests.swift */; };
		3F6F082B1C05602200ABDA89 /* SettingsViewController.swift in Sources */ = {isa = PBXBuildFile; fileRef = 3F6F082A1C05602200ABDA89 /* SettingsViewController.swift */; };
		3F6F082D1C06560B00ABDA89 /* AddFriendsViewController.swift in Sources */ = {isa = PBXBuildFile; fileRef = 3F6F082C1C06560B00ABDA89 /* AddFriendsViewController.swift */; };
		3F8A079A1C13DC6800A53711 /* Card_CPPWrapper.mm in Sources */ = {isa = PBXBuildFile; fileRef = 3F8A07931C13DC6800A53711 /* Card_CPPWrapper.mm */; };
		3F8A079B1C13DC6800A53711 /* Card.cpp in Sources */ = {isa = PBXBuildFile; fileRef = 3F8A07941C13DC6800A53711 /* Card.cpp */; };
		3F8A079C1C13DC6800A53711 /* GameProcedure_CPPWrapper.mm in Sources */ = {isa = PBXBuildFile; fileRef = 3F8A07971C13DC6800A53711 /* GameProcedure_CPPWrapper.mm */; };
		3F8A079D1C13DC6800A53711 /* GameProcedure.cpp in Sources */ = {isa = PBXBuildFile; fileRef = 3F8A07981C13DC6800A53711 /* GameProcedure.cpp */; };
/* End PBXBuildFile section */

/* Begin PBXContainerItemProxy section */
		3F6F08161C05071000ABDA89 /* PBXContainerItemProxy */ = {
			isa = PBXContainerItemProxy;
			containerPortal = 3F6F07F91C05071000ABDA89 /* Project object */;
			proxyType = 1;
			remoteGlobalIDString = 3F6F08001C05071000ABDA89;
			remoteInfo = PokerGameApp;
		};
/* End PBXContainerItemProxy section */

/* Begin PBXFileReference section */
		3F11837C1C0E8FC8006781C3 /* AddFriendsTableViewCell.swift */ = {isa = PBXFileReference; fileEncoding = 4; lastKnownFileType = sourcecode.swift; path = AddFriendsTableViewCell.swift; sourceTree = "<group>"; };
		3F11837E1C0EAF6D006781C3 /* CircularCollectionViewCell.swift */ = {isa = PBXFileReference; fileEncoding = 4; lastKnownFileType = sourcecode.swift; path = CircularCollectionViewCell.swift; sourceTree = "<group>"; };
		3F11837F1C0EAF6D006781C3 /* CircularCollectionViewCell.xib */ = {isa = PBXFileReference; fileEncoding = 4; lastKnownFileType = file.xib; path = CircularCollectionViewCell.xib; sourceTree = "<group>"; };
		3F1183801C0EAF6D006781C3 /* CircularCollectionViewLayout.swift */ = {isa = PBXFileReference; fileEncoding = 4; lastKnownFileType = sourcecode.swift; path = CircularCollectionViewLayout.swift; sourceTree = "<group>"; };
		3F1183811C0EAF6D006781C3 /* CollectionViewController.swift */ = {isa = PBXFileReference; fileEncoding = 4; lastKnownFileType = sourcecode.swift; path = CollectionViewController.swift; sourceTree = "<group>"; };
		3F1183861C0F400A006781C3 /* Images */ = {isa = PBXFileReference; lastKnownFileType = folder; path = Images; sourceTree = "<group>"; };
		3F3C9BA91C1348BA00F59A6D /* PlayCardViewController.swift */ = {isa = PBXFileReference; fileEncoding = 4; lastKnownFileType = sourcecode.swift; path = PlayCardViewController.swift; sourceTree = "<group>"; };
		3F3C9BAB1C134BB900F59A6D /* CardCell.swift */ = {isa = PBXFileReference; fileEncoding = 4; lastKnownFileType = sourcecode.swift; path = CardCell.swift; sourceTree = "<group>"; };
		3F3C9BAD1C13BCDA00F59A6D /* MPCManager.swift */ = {isa = PBXFileReference; fileEncoding = 4; lastKnownFileType = sourcecode.swift; path = MPCManager.swift; sourceTree = "<group>"; };
		3F3C9BAF1C13C83C00F59A6D /* JoinGameViewController.swift */ = {isa = PBXFileReference; fileEncoding = 4; lastKnownFileType = sourcecode.swift; path = JoinGameViewController.swift; sourceTree = "<group>"; };
		3F3C9BC61C13D94400F59A6D /* PokerGameApp-Bridging-Header.h */ = {isa = PBXFileReference; lastKnownFileType = sourcecode.c.h; path = "PokerGameApp-Bridging-Header.h"; sourceTree = "<group>"; };
		3F6F08011C05071000ABDA89 /* PokerGameApp.app */ = {isa = PBXFileReference; explicitFileType = wrapper.application; includeInIndex = 0; path = PokerGameApp.app; sourceTree = BUILT_PRODUCTS_DIR; };
		3F6F08041C05071000ABDA89 /* AppDelegate.swift */ = {isa = PBXFileReference; lastKnownFileType = sourcecode.swift; path = AppDelegate.swift; sourceTree = "<group>"; };
		3F6F08061C05071000ABDA89 /* MenuViewController.swift */ = {isa = PBXFileReference; lastKnownFileType = sourcecode.swift; path = MenuViewController.swift; sourceTree = "<group>"; };
		3F6F08091C05071000ABDA89 /* Base */ = {isa = PBXFileReference; lastKnownFileType = file.storyboard; name = Base; path = Base.lproj/Main.storyboard; sourceTree = "<group>"; };
		3F6F080B1C05071000ABDA89 /* Assets.xcassets */ = {isa = PBXFileReference; lastKnownFileType = folder.assetcatalog; path = Assets.xcassets; sourceTree = "<group>"; };
		3F6F080E1C05071000ABDA89 /* Base */ = {isa = PBXFileReference; lastKnownFileType = file.storyboard; name = Base; path = Base.lproj/LaunchScreen.storyboard; sourceTree = "<group>"; };
		3F6F08101C05071000ABDA89 /* Info.plist */ = {isa = PBXFileReference; lastKnownFileType = text.plist.xml; path = Info.plist; sourceTree = "<group>"; };
		3F6F08151C05071000ABDA89 /* PokerGameAppTests.xctest */ = {isa = PBXFileReference; explicitFileType = wrapper.cfbundle; includeInIndex = 0; path = PokerGameAppTests.xctest; sourceTree = BUILT_PRODUCTS_DIR; };
		3F6F08191C05071000ABDA89 /* PokerGameAppTests.swift */ = {isa = PBXFileReference; lastKnownFileType = sourcecode.swift; path = PokerGameAppTests.swift; sourceTree = "<group>"; };
		3F6F081B1C05071000ABDA89 /* Info.plist */ = {isa = PBXFileReference; lastKnownFileType = text.plist.xml; path = Info.plist; sourceTree = "<group>"; };
		3F6F082A1C05602200ABDA89 /* SettingsViewController.swift */ = {isa = PBXFileReference; fileEncoding = 4; lastKnownFileType = sourcecode.swift; path = SettingsViewController.swift; sourceTree = "<group>"; };
		3F6F082C1C06560B00ABDA89 /* AddFriendsViewController.swift */ = {isa = PBXFileReference; fileEncoding = 4; lastKnownFileType = sourcecode.swift; path = AddFriendsViewController.swift; sourceTree = "<group>"; };
		3F8A07921C13DC6800A53711 /* Card_CPPWrapper.h */ = {isa = PBXFileReference; fileEncoding = 4; lastKnownFileType = sourcecode.c.h; name = Card_CPPWrapper.h; path = "C++Classes/Card_CPPWrapper.h"; sourceTree = "<group>"; };
		3F8A07931C13DC6800A53711 /* Card_CPPWrapper.mm */ = {isa = PBXFileReference; fileEncoding = 4; lastKnownFileType = sourcecode.cpp.objcpp; name = Card_CPPWrapper.mm; path = "C++Classes/Card_CPPWrapper.mm"; sourceTree = "<group>"; };
		3F8A07941C13DC6800A53711 /* Card.cpp */ = {isa = PBXFileReference; fileEncoding = 4; lastKnownFileType = sourcecode.cpp.cpp; name = Card.cpp; path = "C++Classes/Card.cpp"; sourceTree = "<group>"; };
		3F8A07951C13DC6800A53711 /* Card.hpp */ = {isa = PBXFileReference; fileEncoding = 4; lastKnownFileType = sourcecode.cpp.h; name = Card.hpp; path = "C++Classes/Card.hpp"; sourceTree = "<group>"; };
		3F8A07961C13DC6800A53711 /* GameProcedure_CPPWrapper.h */ = {isa = PBXFileReference; fileEncoding = 4; lastKnownFileType = sourcecode.c.h; name = GameProcedure_CPPWrapper.h; path = "C++Classes/GameProcedure_CPPWrapper.h"; sourceTree = "<group>"; };
		3F8A07971C13DC6800A53711 /* GameProcedure_CPPWrapper.mm */ = {isa = PBXFileReference; fileEncoding = 4; lastKnownFileType = sourcecode.cpp.objcpp; name = GameProcedure_CPPWrapper.mm; path = "C++Classes/GameProcedure_CPPWrapper.mm"; sourceTree = "<group>"; };
		3F8A07981C13DC6800A53711 /* GameProcedure.cpp */ = {isa = PBXFileReference; fileEncoding = 4; lastKnownFileType = sourcecode.cpp.cpp; name = GameProcedure.cpp; path = "C++Classes/GameProcedure.cpp"; sourceTree = "<group>"; };
		3F8A07991C13DC6800A53711 /* GameProcedure.hpp */ = {isa = PBXFileReference; fileEncoding = 4; lastKnownFileType = sourcecode.cpp.h; name = GameProcedure.hpp; path = "C++Classes/GameProcedure.hpp"; sourceTree = "<group>"; };
/* End PBXFileReference section */

/* Begin PBXFrameworksBuildPhase section */
		3F6F07FE1C05071000ABDA89 /* Frameworks */ = {
			isa = PBXFrameworksBuildPhase;
			buildActionMask = 2147483647;
			files = (
			);
			runOnlyForDeploymentPostprocessing = 0;
		};
		3F6F08121C05071000ABDA89 /* Frameworks */ = {
			isa = PBXFrameworksBuildPhase;
			buildActionMask = 2147483647;
			files = (
			);
			runOnlyForDeploymentPostprocessing = 0;
		};
/* End PBXFrameworksBuildPhase section */

/* Begin PBXGroup section */
		3F3C9BB11C13D3D900F59A6D /* C++Classes */ = {
			isa = PBXGroup;
			children = (
				3F8A07921C13DC6800A53711 /* Card_CPPWrapper.h */,
				3F8A07931C13DC6800A53711 /* Card_CPPWrapper.mm */,
				3F8A07941C13DC6800A53711 /* Card.cpp */,
				3F8A07951C13DC6800A53711 /* Card.hpp */,
				3F8A07961C13DC6800A53711 /* GameProcedure_CPPWrapper.h */,
				3F8A07971C13DC6800A53711 /* GameProcedure_CPPWrapper.mm */,
				3F8A07981C13DC6800A53711 /* GameProcedure.cpp */,
				3F8A07991C13DC6800A53711 /* GameProcedure.hpp */,
			);
			name = "C++Classes";
			sourceTree = "<group>";
		};
		3F6F07F81C05071000ABDA89 = {
			isa = PBXGroup;
			children = (
				3F6F08031C05071000ABDA89 /* PokerGameApp */,
				3F6F08181C05071000ABDA89 /* PokerGameAppTests */,
				3F6F08021C05071000ABDA89 /* Products */,
				3F3C9BC61C13D94400F59A6D /* PokerGameApp-Bridging-Header.h */,
			);
			sourceTree = "<group>";
		};
		3F6F08021C05071000ABDA89 /* Products */ = {
			isa = PBXGroup;
			children = (
				3F6F08011C05071000ABDA89 /* PokerGameApp.app */,
				3F6F08151C05071000ABDA89 /* PokerGameAppTests.xctest */,
			);
			name = Products;
			sourceTree = "<group>";
		};
		3F6F08031C05071000ABDA89 /* PokerGameApp */ = {
			isa = PBXGroup;
			children = (
				3F3C9BB11C13D3D900F59A6D /* C++Classes */,
				3F6F08041C05071000ABDA89 /* AppDelegate.swift */,
				3F3C9BAD1C13BCDA00F59A6D /* MPCManager.swift */,
				3F6F082A1C05602200ABDA89 /* SettingsViewController.swift */,
				3F6F08061C05071000ABDA89 /* MenuViewController.swift */,
				3F6F08081C05071000ABDA89 /* Main.storyboard */,
				3F3C9BAF1C13C83C00F59A6D /* JoinGameViewController.swift */,
				3F3C9BAB1C134BB900F59A6D /* CardCell.swift */,
				3F3C9BA91C1348BA00F59A6D /* PlayCardViewController.swift */,
				3F11837E1C0EAF6D006781C3 /* CircularCollectionViewCell.swift */,
				3F11837F1C0EAF6D006781C3 /* CircularCollectionViewCell.xib */,
				3F1183801C0EAF6D006781C3 /* CircularCollectionViewLayout.swift */,
				3F1183811C0EAF6D006781C3 /* CollectionViewController.swift */,
				3F6F082C1C06560B00ABDA89 /* AddFriendsViewController.swift */,
				3F11837C1C0E8FC8006781C3 /* AddFriendsTableViewCell.swift */,
				3F6F080D1C05071000ABDA89 /* LaunchScreen.storyboard */,
				3F6F08101C05071000ABDA89 /* Info.plist */,
				3F6F080B1C05071000ABDA89 /* Assets.xcassets */,
				3F1183861C0F400A006781C3 /* Images */,
			);
			path = PokerGameApp;
			sourceTree = "<group>";
		};
		3F6F08181C05071000ABDA89 /* PokerGameAppTests */ = {
			isa = PBXGroup;
			children = (
				3F6F08191C05071000ABDA89 /* PokerGameAppTests.swift */,
				3F6F081B1C05071000ABDA89 /* Info.plist */,
			);
			path = PokerGameAppTests;
			sourceTree = "<group>";
		};
/* End PBXGroup section */

/* Begin PBXNativeTarget section */
		3F6F08001C05071000ABDA89 /* PokerGameApp */ = {
			isa = PBXNativeTarget;
			buildConfigurationList = 3F6F081E1C05071000ABDA89 /* Build configuration list for PBXNativeTarget "PokerGameApp" */;
			buildPhases = (
				3F6F07FD1C05071000ABDA89 /* Sources */,
				3F6F07FE1C05071000ABDA89 /* Frameworks */,
				3F6F07FF1C05071000ABDA89 /* Resources */,
			);
			buildRules = (
			);
			dependencies = (
			);
			name = PokerGameApp;
			productName = PokerGameApp;
			productReference = 3F6F08011C05071000ABDA89 /* PokerGameApp.app */;
			productType = "com.apple.product-type.application";
		};
		3F6F08141C05071000ABDA89 /* PokerGameAppTests */ = {
			isa = PBXNativeTarget;
			buildConfigurationList = 3F6F08211C05071000ABDA89 /* Build configuration list for PBXNativeTarget "PokerGameAppTests" */;
			buildPhases = (
				3F6F08111C05071000ABDA89 /* Sources */,
				3F6F08121C05071000ABDA89 /* Frameworks */,
				3F6F08131C05071000ABDA89 /* Resources */,
			);
			buildRules = (
			);
			dependencies = (
				3F6F08171C05071000ABDA89 /* PBXTargetDependency */,
			);
			name = PokerGameAppTests;
			productName = PokerGameAppTests;
			productReference = 3F6F08151C05071000ABDA89 /* PokerGameAppTests.xctest */;
			productType = "com.apple.product-type.bundle.unit-test";
		};
/* End PBXNativeTarget section */

/* Begin PBXProject section */
		3F6F07F91C05071000ABDA89 /* Project object */ = {
			isa = PBXProject;
			attributes = {
				LastSwiftUpdateCheck = 0710;
				LastUpgradeCheck = 0710;
				ORGANIZATIONNAME = Jingplusplus;
				TargetAttributes = {
					3F6F08001C05071000ABDA89 = {
						CreatedOnToolsVersion = 7.1;
						DevelopmentTeam = R96LBK3HQ2;
					};
					3F6F08141C05071000ABDA89 = {
						CreatedOnToolsVersion = 7.1;
						DevelopmentTeam = R96LBK3HQ2;
						TestTargetID = 3F6F08001C05071000ABDA89;
					};
				};
			};
			buildConfigurationList = 3F6F07FC1C05071000ABDA89 /* Build configuration list for PBXProject "PokerGameApp" */;
			compatibilityVersion = "Xcode 3.2";
			developmentRegion = English;
			hasScannedForEncodings = 0;
			knownRegions = (
				en,
				Base,
			);
			mainGroup = 3F6F07F81C05071000ABDA89;
			productRefGroup = 3F6F08021C05071000ABDA89 /* Products */;
			projectDirPath = "";
			projectRoot = "";
			targets = (
				3F6F08001C05071000ABDA89 /* PokerGameApp */,
				3F6F08141C05071000ABDA89 /* PokerGameAppTests */,
			);
		};
/* End PBXProject section */

/* Begin PBXResourcesBuildPhase section */
		3F6F07FF1C05071000ABDA89 /* Resources */ = {
			isa = PBXResourcesBuildPhase;
			buildActionMask = 2147483647;
			files = (
				3F1183871C0F400A006781C3 /* Images in Resources */,
				3F6F080F1C05071000ABDA89 /* LaunchScreen.storyboard in Resources */,
				3F6F080C1C05071000ABDA89 /* Assets.xcassets in Resources */,
				3F6F080A1C05071000ABDA89 /* Main.storyboard in Resources */,
				3F1183831C0EAF6D006781C3 /* CircularCollectionViewCell.xib in Resources */,
			);
			runOnlyForDeploymentPostprocessing = 0;
		};
		3F6F08131C05071000ABDA89 /* Resources */ = {
			isa = PBXResourcesBuildPhase;
			buildActionMask = 2147483647;
			files = (
			);
			runOnlyForDeploymentPostprocessing = 0;
		};
/* End PBXResourcesBuildPhase section */

/* Begin PBXSourcesBuildPhase section */
		3F6F07FD1C05071000ABDA89 /* Sources */ = {
			isa = PBXSourcesBuildPhase;
			buildActionMask = 2147483647;
			files = (
				3F6F082D1C06560B00ABDA89 /* AddFriendsViewController.swift in Sources */,
				3F3C9BAE1C13BCDA00F59A6D /* MPCManager.swift in Sources */,
				3F6F08071C05071000ABDA89 /* MenuViewController.swift in Sources */,
				3F1183821C0EAF6D006781C3 /* CircularCollectionViewCell.swift in Sources */,
				3F3C9BB01C13C83C00F59A6D /* JoinGameViewController.swift in Sources */,
				3F8A079D1C13DC6800A53711 /* GameProcedure.cpp in Sources */,
				3F6F08051C05071000ABDA89 /* AppDelegate.swift in Sources */,
				3F1183851C0EAF6D006781C3 /* CollectionViewController.swift in Sources */,
				3F3C9BAC1C134BB900F59A6D /* CardCell.swift in Sources */,
				3F1183841C0EAF6D006781C3 /* CircularCollectionViewLayout.swift in Sources */,
				3F8A079C1C13DC6800A53711 /* GameProcedure_CPPWrapper.mm in Sources */,
				3F8A079A1C13DC6800A53711 /* Card_CPPWrapper.mm in Sources */,
				3F6F082B1C05602200ABDA89 /* SettingsViewController.swift in Sources */,
				3F3C9BAA1C1348BA00F59A6D /* PlayCardViewController.swift in Sources */,
				3F11837D1C0E8FC8006781C3 /* AddFriendsTableViewCell.swift in Sources */,
				3F8A079B1C13DC6800A53711 /* Card.cpp in Sources */,
			);
			runOnlyForDeploymentPostprocessing = 0;
		};
		3F6F08111C05071000ABDA89 /* Sources */ = {
			isa = PBXSourcesBuildPhase;
			buildActionMask = 2147483647;
			files = (
				3F6F081A1C05071000ABDA89 /* PokerGameAppTests.swift in Sources */,
			);
			runOnlyForDeploymentPostprocessing = 0;
		};
/* End PBXSourcesBuildPhase section */

/* Begin PBXTargetDependency section */
		3F6F08171C05071000ABDA89 /* PBXTargetDependency */ = {
			isa = PBXTargetDependency;
			target = 3F6F08001C05071000ABDA89 /* PokerGameApp */;
			targetProxy = 3F6F08161C05071000ABDA89 /* PBXContainerItemProxy */;
		};
/* End PBXTargetDependency section */

/* Begin PBXVariantGroup section */
		3F6F08081C05071000ABDA89 /* Main.storyboard */ = {
			isa = PBXVariantGroup;
			children = (
				3F6F08091C05071000ABDA89 /* Base */,
			);
			name = Main.storyboard;
			sourceTree = "<group>";
		};
		3F6F080D1C05071000ABDA89 /* LaunchScreen.storyboard */ = {
			isa = PBXVariantGroup;
			children = (
				3F6F080E1C05071000ABDA89 /* Base */,
			);
			name = LaunchScreen.storyboard;
			sourceTree = "<group>";
		};
/* End PBXVariantGroup section */

/* Begin XCBuildConfiguration section */
		3F6F081C1C05071000ABDA89 /* Debug */ = {
			isa = XCBuildConfiguration;
			buildSettings = {
				ALWAYS_SEARCH_USER_PATHS = NO;
				CLANG_CXX_LANGUAGE_STANDARD = "gnu++0x";
				CLANG_CXX_LIBRARY = "libc++";
				CLANG_ENABLE_MODULES = YES;
				CLANG_ENABLE_OBJC_ARC = YES;
				CLANG_WARN_BOOL_CONVERSION = YES;
				CLANG_WARN_CONSTANT_CONVERSION = YES;
				CLANG_WARN_DIRECT_OBJC_ISA_USAGE = YES_ERROR;
				CLANG_WARN_EMPTY_BODY = YES;
				CLANG_WARN_ENUM_CONVERSION = YES;
				CLANG_WARN_INT_CONVERSION = YES;
				CLANG_WARN_OBJC_ROOT_CLASS = YES_ERROR;
				CLANG_WARN_UNREACHABLE_CODE = YES;
				CLANG_WARN__DUPLICATE_METHOD_MATCH = YES;
				"CODE_SIGN_IDENTITY[sdk=iphoneos*]" = "iPhone Developer";
				COPY_PHASE_STRIP = NO;
				DEBUG_INFORMATION_FORMAT = dwarf;
				ENABLE_STRICT_OBJC_MSGSEND = YES;
				ENABLE_TESTABILITY = YES;
				GCC_C_LANGUAGE_STANDARD = gnu99;
				GCC_DYNAMIC_NO_PIC = NO;
				GCC_NO_COMMON_BLOCKS = YES;
				GCC_OPTIMIZATION_LEVEL = 0;
				GCC_PREPROCESSOR_DEFINITIONS = (
					"DEBUG=1",
					"$(inherited)",
				);
				GCC_WARN_64_TO_32_BIT_CONVERSION = YES;
				GCC_WARN_ABOUT_RETURN_TYPE = YES_ERROR;
				GCC_WARN_UNDECLARED_SELECTOR = YES;
				GCC_WARN_UNINITIALIZED_AUTOS = YES_AGGRESSIVE;
				GCC_WARN_UNUSED_FUNCTION = YES;
				GCC_WARN_UNUSED_VARIABLE = YES;
				IPHONEOS_DEPLOYMENT_TARGET = 9.1;
				MTL_ENABLE_DEBUG_INFO = YES;
				ONLY_ACTIVE_ARCH = YES;
				SDKROOT = iphoneos;
				SWIFT_OPTIMIZATION_LEVEL = "-Onone";
				TARGETED_DEVICE_FAMILY = "1,2";
			};
			name = Debug;
		};
		3F6F081D1C05071000ABDA89 /* Release */ = {
			isa = XCBuildConfiguration;
			buildSettings = {
				ALWAYS_SEARCH_USER_PATHS = NO;
				CLANG_CXX_LANGUAGE_STANDARD = "gnu++0x";
				CLANG_CXX_LIBRARY = "libc++";
				CLANG_ENABLE_MODULES = YES;
				CLANG_ENABLE_OBJC_ARC = YES;
				CLANG_WARN_BOOL_CONVERSION = YES;
				CLANG_WARN_CONSTANT_CONVERSION = YES;
				CLANG_WARN_DIRECT_OBJC_ISA_USAGE = YES_ERROR;
				CLANG_WARN_EMPTY_BODY = YES;
				CLANG_WARN_ENUM_CONVERSION = YES;
				CLANG_WARN_INT_CONVERSION = YES;
				CLANG_WARN_OBJC_ROOT_CLASS = YES_ERROR;
				CLANG_WARN_UNREACHABLE_CODE = YES;
				CLANG_WARN__DUPLICATE_METHOD_MATCH = YES;
				"CODE_SIGN_IDENTITY[sdk=iphoneos*]" = "iPhone Developer";
				COPY_PHASE_STRIP = NO;
				DEBUG_INFORMATION_FORMAT = "dwarf-with-dsym";
				ENABLE_NS_ASSERTIONS = NO;
				ENABLE_STRICT_OBJC_MSGSEND = YES;
				GCC_C_LANGUAGE_STANDARD = gnu99;
				GCC_NO_COMMON_BLOCKS = YES;
				GCC_WARN_64_TO_32_BIT_CONVERSION = YES;
				GCC_WARN_ABOUT_RETURN_TYPE = YES_ERROR;
				GCC_WARN_UNDECLARED_SELECTOR = YES;
				GCC_WARN_UNINITIALIZED_AUTOS = YES_AGGRESSIVE;
				GCC_WARN_UNUSED_FUNCTION = YES;
				GCC_WARN_UNUSED_VARIABLE = YES;
				IPHONEOS_DEPLOYMENT_TARGET = 9.1;
				MTL_ENABLE_DEBUG_INFO = NO;
				SDKROOT = iphoneos;
				TARGETED_DEVICE_FAMILY = "1,2";
				VALIDATE_PRODUCT = YES;
			};
			name = Release;
		};
		3F6F081F1C05071000ABDA89 /* Debug */ = {
			isa = XCBuildConfiguration;
			buildSettings = {
				ASSETCATALOG_COMPILER_APPICON_NAME = AppIcon;
				CLANG_ENABLE_MODULES = YES;
				INFOPLIST_FILE = PokerGameApp/Info.plist;
				IPHONEOS_DEPLOYMENT_TARGET = 8.1;
				LD_RUNPATH_SEARCH_PATHS = "$(inherited) @executable_path/Frameworks";
				PRODUCT_BUNDLE_IDENTIFIER = JingplusplusPokerGameApp;
				PRODUCT_NAME = "$(TARGET_NAME)";
				SWIFT_OBJC_BRIDGING_HEADER = "PokerGameApp-Bridging-Header.h";
				SWIFT_OPTIMIZATION_LEVEL = "-Onone";
			};
			name = Debug;
		};
		3F6F08201C05071000ABDA89 /* Release */ = {
			isa = XCBuildConfiguration;
			buildSettings = {
				ASSETCATALOG_COMPILER_APPICON_NAME = AppIcon;
				CLANG_ENABLE_MODULES = YES;
				INFOPLIST_FILE = PokerGameApp/Info.plist;
				IPHONEOS_DEPLOYMENT_TARGET = 8.1;
				LD_RUNPATH_SEARCH_PATHS = "$(inherited) @executable_path/Frameworks";
				PRODUCT_BUNDLE_IDENTIFIER = JingplusplusPokerGameApp;
				PRODUCT_NAME = "$(TARGET_NAME)";
				SWIFT_OBJC_BRIDGING_HEADER = "PokerGameApp-Bridging-Header.h";
			};
			name = Release;
		};
		3F6F08221C05071000ABDA89 /* Debug */ = {
			isa = XCBuildConfiguration;
			buildSettings = {
				BUNDLE_LOADER = "$(TEST_HOST)";
				INFOPLIST_FILE = PokerGameAppTests/Info.plist;
				LD_RUNPATH_SEARCH_PATHS = "$(inherited) @executable_path/Frameworks @loader_path/Frameworks";
				PRODUCT_BUNDLE_IDENTIFIER = Jingplusplus.PokerGameAppTests;
				PRODUCT_NAME = "$(TARGET_NAME)";
				TEST_HOST = "$(BUILT_PRODUCTS_DIR)/PokerGameApp.app/PokerGameApp";
			};
			name = Debug;
		};
		3F6F08231C05071000ABDA89 /* Release */ = {
			isa = XCBuildConfiguration;
			buildSettings = {
				BUNDLE_LOADER = "$(TEST_HOST)";
				INFOPLIST_FILE = PokerGameAppTests/Info.plist;
				LD_RUNPATH_SEARCH_PATHS = "$(inherited) @executable_path/Frameworks @loader_path/Frameworks";
				PRODUCT_BUNDLE_IDENTIFIER = Jingplusplus.PokerGameAppTests;
				PRODUCT_NAME = "$(TARGET_NAME)";
				TEST_HOST = "$(BUILT_PRODUCTS_DIR)/PokerGameApp.app/PokerGameApp";
			};
			name = Release;
		};
/* End XCBuildConfiguration section */

/* Begin XCConfigurationList section */
		3F6F07FC1C05071000ABDA89 /* Build configuration list for PBXProject "PokerGameApp" */ = {
			isa = XCConfigurationList;
			buildConfigurations = (
				3F6F081C1C05071000ABDA89 /* Debug */,
				3F6F081D1C05071000ABDA89 /* Release */,
			);
			defaultConfigurationIsVisible = 0;
			defaultConfigurationName = Release;
		};
		3F6F081E1C05071000ABDA89 /* Build configuration list for PBXNativeTarget "PokerGameApp" */ = {
			isa = XCConfigurationList;
			buildConfigurations = (
				3F6F081F1C05071000ABDA89 /* Debug */,
				3F6F08201C05071000ABDA89 /* Release */,
			);
			defaultConfigurationIsVisible = 0;
			defaultConfigurationName = Release;
		};
		3F6F08211C05071000ABDA89 /* Build configuration list for PBXNativeTarget "PokerGameAppTests" */ = {
			isa = XCConfigurationList;
			buildConfigurations = (
				3F6F08221C05071000ABDA89 /* Debug */,
				3F6F08231C05071000ABDA89 /* Release */,
			);
			defaultConfigurationIsVisible = 0;
			defaultConfigurationName = Release;
		};
/* End XCConfigurationList section */
	};
	rootObject = 3F6F07F91C05071000ABDA89 /* Project object */;
}
